
Microsoft Visual Studio Solution File, Format Version 12.00
# Visual Studio Version 17
VisualStudioVersion = 17.4.33213.308
MinimumVisualStudioVersion = 10.0.40219.1
Project("{FAE04EC0-301F-11D3-BF4B-00C04F79EFBC}") = "WindowsFormsApp1", "WindowsFormsApp1\WindowsFormsApp1.csproj", "{6EE0C2ED-53FF-4588-9C85-9F2CF5D58797}"
EndProject
Global
	GlobalSection(SolutionConfigurationPlatforms) = preSolution
		Debug|Any CPU = Debug|Any CPU
		Release|Any CPU = Release|Any CPU
	EndGlobalSection
	GlobalSection(ProjectConfigurationPlatforms) = postSolution
		{6EE0C2ED-53FF-4588-9C85-9F2CF5D58797}.Debug|Any CPU.ActiveCfg = Debug|Any CPU
		{6EE0C2ED-53FF-4588-9C85-9F2CF5D58797}.Debug|Any CPU.Build.0 = Debug|Any CPU
		{6EE0C2ED-53FF-4588-9C85-9F2CF5D58797}.Release|Any CPU.ActiveCfg = Release|Any CPU
		{6EE0C2ED-53FF-4588-9C85-9F2CF5D58797}.Release|Any CPU.Build.0 = Release|Any CPU
	EndGlobalSection
	GlobalSection(SolutionProperties) = preSolution
		HideSolutionNode = FALSE
	EndGlobalSection
	GlobalSection(ExtensibilityGlobals) = postSolution
		SolutionGuid = {6D96F149-1CCB-4823-B9EC-1DA0192C2BB5}
	EndGlobalSection
EndGlobal
